schema: '2.0'
stages:
  train:
    cmd: python src/train.py
    deps:
    - path: data/data.csv
      hash: md5
      md5: bde25a245d5740de8a748a66b9584209
      size: 182
    - path: src/train.py
      hash: md5
      md5: fd7c69a75fd000810e61255d11826ae3
      size: 711
    params:
      params.yaml:
        train.n_estimators: 100
        train.random_state: 42
    outs:
    - path: models/model.pkl
      hash: md5
      md5: 735ab97377abc2fb1fa1c0cb0f021d16
      size: 101436
